
Microsoft Visual Studio Solution File, Format Version 12.00
# Visual Studio Version 16
VisualStudioVersion = 16.0.29519.181
MinimumVisualStudioVersion = 10.0.40219.1
Project("{9A19103F-16F7-4668-BE54-9A1E7A4F7556}") = "RadiciAlgoritmy", "RadiciAlgoritmy.csproj", "{61378EA2-9D1F-48AD-A64A-6BA0B2874882}"
EndProject
Global
	GlobalSection(SolutionConfigurationPlatforms) = preSolution
		Debug|Any CPU = Debug|Any CPU
		Release|Any CPU = Release|Any CPU
	EndGlobalSection
	GlobalSection(ProjectConfigurationPlatforms) = postSolution
		{61378EA2-9D1F-48AD-A64A-6BA0B2874882}.Debug|Any CPU.ActiveCfg = Debug|Any CPU
		{61378EA2-9D1F-48AD-A64A-6BA0B2874882}.Debug|Any CPU.Build.0 = Debug|Any CPU
		{61378EA2-9D1F-48AD-A64A-6BA0B2874882}.Release|Any CPU.ActiveCfg = Release|Any CPU
		{61378EA2-9D1F-48AD-A64A-6BA0B2874882}.Release|Any CPU.Build.0 = Release|Any CPU
	EndGlobalSection
	GlobalSection(SolutionProperties) = preSolution
		HideSolutionNode = FALSE
	EndGlobalSection
	GlobalSection(ExtensibilityGlobals) = postSolution
		SolutionGuid = {EC172A7C-EB39-4E87-8020-24CAC2667524}
	EndGlobalSection
EndGlobal
