
Microsoft Visual Studio Solution File, Format Version 12.00
# Visual Studio Version 16
VisualStudioVersion = 16.0.29920.165
MinimumVisualStudioVersion = 10.0.40219.1
Project("{FAE04EC0-301F-11D3-BF4B-00C04F79EFBC}") = "Kulicka", "Kulicka.csproj", "{686D5153-3613-4085-BBB4-0C735594CA36}"
EndProject
Global
	GlobalSection(SolutionConfigurationPlatforms) = preSolution
		Debug|Any CPU = Debug|Any CPU
		Release|Any CPU = Release|Any CPU
	EndGlobalSection
	GlobalSection(ProjectConfigurationPlatforms) = postSolution
		{686D5153-3613-4085-BBB4-0C735594CA36}.Debug|Any CPU.ActiveCfg = Debug|Any CPU
		{686D5153-3613-4085-BBB4-0C735594CA36}.Debug|Any CPU.Build.0 = Debug|Any CPU
		{686D5153-3613-4085-BBB4-0C735594CA36}.Release|Any CPU.ActiveCfg = Release|Any CPU
		{686D5153-3613-4085-BBB4-0C735594CA36}.Release|Any CPU.Build.0 = Release|Any CPU
	EndGlobalSection
	GlobalSection(SolutionProperties) = preSolution
		HideSolutionNode = FALSE
	EndGlobalSection
	GlobalSection(ExtensibilityGlobals) = postSolution
		SolutionGuid = {F18F7985-2EE6-453E-8332-8D12D88A1E68}
	EndGlobalSection
EndGlobal
