
Microsoft Visual Studio Solution File, Format Version 12.00
# Visual Studio Version 16
VisualStudioVersion = 16.0.29920.165
MinimumVisualStudioVersion = 10.0.40219.1
Project("{FAE04EC0-301F-11D3-BF4B-00C04F79EFBC}") = "GrafikGUI", "GrafikGUI\GrafikGUI.csproj", "{8DA9141E-D4EB-459A-B2D5-95DA825B7994}"
EndProject
Global
	GlobalSection(SolutionConfigurationPlatforms) = preSolution
		Debug|Any CPU = Debug|Any CPU
		Release|Any CPU = Release|Any CPU
	EndGlobalSection
	GlobalSection(ProjectConfigurationPlatforms) = postSolution
		{8DA9141E-D4EB-459A-B2D5-95DA825B7994}.Debug|Any CPU.ActiveCfg = Debug|Any CPU
		{8DA9141E-D4EB-459A-B2D5-95DA825B7994}.Debug|Any CPU.Build.0 = Debug|Any CPU
		{8DA9141E-D4EB-459A-B2D5-95DA825B7994}.Release|Any CPU.ActiveCfg = Release|Any CPU
		{8DA9141E-D4EB-459A-B2D5-95DA825B7994}.Release|Any CPU.Build.0 = Release|Any CPU
	EndGlobalSection
	GlobalSection(SolutionProperties) = preSolution
		HideSolutionNode = FALSE
	EndGlobalSection
	GlobalSection(ExtensibilityGlobals) = postSolution
		SolutionGuid = {830B488E-1BEA-4253-BA7A-D6AA09844E30}
	EndGlobalSection
EndGlobal
