
Microsoft Visual Studio Solution File, Format Version 12.00
# Visual Studio Version 16
VisualStudioVersion = 16.0.29102.190
MinimumVisualStudioVersion = 10.0.40219.1
Project("{FAE04EC0-301F-11D3-BF4B-00C04F79EFBC}") = "Planimetrie", "Planimetrie\Planimetrie.csproj", "{051AF156-8875-48EB-82E8-830633E0C0C2}"
EndProject
Global
	GlobalSection(SolutionConfigurationPlatforms) = preSolution
		Debug|Any CPU = Debug|Any CPU
		Release|Any CPU = Release|Any CPU
	EndGlobalSection
	GlobalSection(ProjectConfigurationPlatforms) = postSolution
		{051AF156-8875-48EB-82E8-830633E0C0C2}.Debug|Any CPU.ActiveCfg = Debug|Any CPU
		{051AF156-8875-48EB-82E8-830633E0C0C2}.Debug|Any CPU.Build.0 = Debug|Any CPU
		{051AF156-8875-48EB-82E8-830633E0C0C2}.Release|Any CPU.ActiveCfg = Release|Any CPU
		{051AF156-8875-48EB-82E8-830633E0C0C2}.Release|Any CPU.Build.0 = Release|Any CPU
	EndGlobalSection
	GlobalSection(SolutionProperties) = preSolution
		HideSolutionNode = FALSE
	EndGlobalSection
	GlobalSection(ExtensibilityGlobals) = postSolution
		SolutionGuid = {0CD92D9A-33F5-4C35-BA71-58E8052DA1EA}
	EndGlobalSection
EndGlobal
