
Microsoft Visual Studio Solution File, Format Version 12.00
# Visual Studio Version 16
VisualStudioVersion = 16.0.29920.165
MinimumVisualStudioVersion = 10.0.40219.1
Project("{9A19103F-16F7-4668-BE54-9A1E7A4F7556}") = "HraBattleships2", "HraBattleships2\HraBattleships2.csproj", "{57B9D170-3E45-44BC-850A-07E45F5C5217}"
EndProject
Project("{FAE04EC0-301F-11D3-BF4B-00C04F79EFBC}") = "Test", "Test\Test.csproj", "{0E79B49D-53C9-404A-AF52-529928EBE438}"
EndProject
Global
	GlobalSection(SolutionConfigurationPlatforms) = preSolution
		Debug|Any CPU = Debug|Any CPU
		Release|Any CPU = Release|Any CPU
	EndGlobalSection
	GlobalSection(ProjectConfigurationPlatforms) = postSolution
		{57B9D170-3E45-44BC-850A-07E45F5C5217}.Debug|Any CPU.ActiveCfg = Debug|Any CPU
		{57B9D170-3E45-44BC-850A-07E45F5C5217}.Debug|Any CPU.Build.0 = Debug|Any CPU
		{57B9D170-3E45-44BC-850A-07E45F5C5217}.Release|Any CPU.ActiveCfg = Release|Any CPU
		{57B9D170-3E45-44BC-850A-07E45F5C5217}.Release|Any CPU.Build.0 = Release|Any CPU
		{0E79B49D-53C9-404A-AF52-529928EBE438}.Debug|Any CPU.ActiveCfg = Debug|Any CPU
		{0E79B49D-53C9-404A-AF52-529928EBE438}.Debug|Any CPU.Build.0 = Debug|Any CPU
		{0E79B49D-53C9-404A-AF52-529928EBE438}.Release|Any CPU.ActiveCfg = Release|Any CPU
		{0E79B49D-53C9-404A-AF52-529928EBE438}.Release|Any CPU.Build.0 = Release|Any CPU
	EndGlobalSection
	GlobalSection(SolutionProperties) = preSolution
		HideSolutionNode = FALSE
	EndGlobalSection
	GlobalSection(ExtensibilityGlobals) = postSolution
		SolutionGuid = {DEA9B135-0E8F-436A-943C-5C9F7DDC0F87}
	EndGlobalSection
EndGlobal
