
Microsoft Visual Studio Solution File, Format Version 12.00
# Visual Studio Version 16
VisualStudioVersion = 16.0.29509.3
MinimumVisualStudioVersion = 10.0.40219.1
Project("{FAE04EC0-301F-11D3-BF4B-00C04F79EFBC}") = "Linova-BattleShip", "Linova-BattleShip.csproj", "{31782B2B-FDAF-4C5A-9459-015A47879BF5}"
EndProject
Global
	GlobalSection(SolutionConfigurationPlatforms) = preSolution
		Debug|Any CPU = Debug|Any CPU
		Release|Any CPU = Release|Any CPU
	EndGlobalSection
	GlobalSection(ProjectConfigurationPlatforms) = postSolution
		{31782B2B-FDAF-4C5A-9459-015A47879BF5}.Debug|Any CPU.ActiveCfg = Debug|Any CPU
		{31782B2B-FDAF-4C5A-9459-015A47879BF5}.Debug|Any CPU.Build.0 = Debug|Any CPU
		{31782B2B-FDAF-4C5A-9459-015A47879BF5}.Release|Any CPU.ActiveCfg = Release|Any CPU
		{31782B2B-FDAF-4C5A-9459-015A47879BF5}.Release|Any CPU.Build.0 = Release|Any CPU
	EndGlobalSection
	GlobalSection(SolutionProperties) = preSolution
		HideSolutionNode = FALSE
	EndGlobalSection
	GlobalSection(ExtensibilityGlobals) = postSolution
		SolutionGuid = {3F1C1487-0BB9-4655-858D-FA1792382060}
	EndGlobalSection
EndGlobal
