
Microsoft Visual Studio Solution File, Format Version 12.00
# Visual Studio Version 16
VisualStudioVersion = 16.0.29519.181
MinimumVisualStudioVersion = 10.0.40219.1
Project("{FAE04EC0-301F-11D3-BF4B-00C04F79EFBC}") = "OOP_Zaklady", "OOP_Zaklady.csproj", "{4996D646-2716-4CAA-8158-E19CBB152485}"
EndProject
Global
	GlobalSection(SolutionConfigurationPlatforms) = preSolution
		Debug|Any CPU = Debug|Any CPU
		Release|Any CPU = Release|Any CPU
	EndGlobalSection
	GlobalSection(ProjectConfigurationPlatforms) = postSolution
		{4996D646-2716-4CAA-8158-E19CBB152485}.Debug|Any CPU.ActiveCfg = Debug|Any CPU
		{4996D646-2716-4CAA-8158-E19CBB152485}.Debug|Any CPU.Build.0 = Debug|Any CPU
		{4996D646-2716-4CAA-8158-E19CBB152485}.Release|Any CPU.ActiveCfg = Release|Any CPU
		{4996D646-2716-4CAA-8158-E19CBB152485}.Release|Any CPU.Build.0 = Release|Any CPU
	EndGlobalSection
	GlobalSection(SolutionProperties) = preSolution
		HideSolutionNode = FALSE
	EndGlobalSection
	GlobalSection(ExtensibilityGlobals) = postSolution
		SolutionGuid = {14C98549-5EFE-42B5-AA0F-DC1DAB5EA56A}
	EndGlobalSection
EndGlobal
