
Microsoft Visual Studio Solution File, Format Version 12.00
# Visual Studio Version 16
VisualStudioVersion = 16.0.29411.138
MinimumVisualStudioVersion = 10.0.40219.1
Project("{FAE04EC0-301F-11D3-BF4B-00C04F79EFBC}") = "BinarniPuleni", "BinarniPuleni.csproj", "{3887948E-51FB-43C4-95D6-6CF87A8CD69C}"
EndProject
Global
	GlobalSection(SolutionConfigurationPlatforms) = preSolution
		Debug|Any CPU = Debug|Any CPU
		Release|Any CPU = Release|Any CPU
	EndGlobalSection
	GlobalSection(ProjectConfigurationPlatforms) = postSolution
		{3887948E-51FB-43C4-95D6-6CF87A8CD69C}.Debug|Any CPU.ActiveCfg = Debug|Any CPU
		{3887948E-51FB-43C4-95D6-6CF87A8CD69C}.Debug|Any CPU.Build.0 = Debug|Any CPU
		{3887948E-51FB-43C4-95D6-6CF87A8CD69C}.Release|Any CPU.ActiveCfg = Release|Any CPU
		{3887948E-51FB-43C4-95D6-6CF87A8CD69C}.Release|Any CPU.Build.0 = Release|Any CPU
	EndGlobalSection
	GlobalSection(SolutionProperties) = preSolution
		HideSolutionNode = FALSE
	EndGlobalSection
	GlobalSection(ExtensibilityGlobals) = postSolution
		SolutionGuid = {A22A165C-81D9-4C9F-8C67-703E847FFB52}
	EndGlobalSection
EndGlobal
