
Microsoft Visual Studio Solution File, Format Version 12.00
# Visual Studio Version 16
VisualStudioVersion = 16.0.30011.22
MinimumVisualStudioVersion = 10.0.40219.1
Project("{9A19103F-16F7-4668-BE54-9A1E7A4F7556}") = "battleShipsJF", "battleShipsJF.csproj", "{2878DCAE-DC81-4B11-AE02-FBCB0A2F1E16}"
EndProject
Global
	GlobalSection(SolutionConfigurationPlatforms) = preSolution
		Debug|Any CPU = Debug|Any CPU
		Release|Any CPU = Release|Any CPU
	EndGlobalSection
	GlobalSection(ProjectConfigurationPlatforms) = postSolution
		{2878DCAE-DC81-4B11-AE02-FBCB0A2F1E16}.Debug|Any CPU.ActiveCfg = Debug|Any CPU
		{2878DCAE-DC81-4B11-AE02-FBCB0A2F1E16}.Debug|Any CPU.Build.0 = Debug|Any CPU
		{2878DCAE-DC81-4B11-AE02-FBCB0A2F1E16}.Release|Any CPU.ActiveCfg = Release|Any CPU
		{2878DCAE-DC81-4B11-AE02-FBCB0A2F1E16}.Release|Any CPU.Build.0 = Release|Any CPU
	EndGlobalSection
	GlobalSection(SolutionProperties) = preSolution
		HideSolutionNode = FALSE
	EndGlobalSection
	GlobalSection(ExtensibilityGlobals) = postSolution
		SolutionGuid = {17447C46-9A3C-440C-BFF0-E0347E38E164}
	EndGlobalSection
EndGlobal
