
Microsoft Visual Studio Solution File, Format Version 12.00
# Visual Studio Version 16
VisualStudioVersion = 16.0.29521.150
MinimumVisualStudioVersion = 10.0.40219.1
Project("{FAE04EC0-301F-11D3-BF4B-00C04F79EFBC}") = "ConsoleApp1", "ConsoleApp1.csproj", "{B8EFB1D1-AE2F-4204-AE43-D933C51307D4}"
EndProject
Global
	GlobalSection(SolutionConfigurationPlatforms) = preSolution
		Debug|Any CPU = Debug|Any CPU
		Release|Any CPU = Release|Any CPU
	EndGlobalSection
	GlobalSection(ProjectConfigurationPlatforms) = postSolution
		{B8EFB1D1-AE2F-4204-AE43-D933C51307D4}.Debug|Any CPU.ActiveCfg = Debug|Any CPU
		{B8EFB1D1-AE2F-4204-AE43-D933C51307D4}.Debug|Any CPU.Build.0 = Debug|Any CPU
		{B8EFB1D1-AE2F-4204-AE43-D933C51307D4}.Release|Any CPU.ActiveCfg = Release|Any CPU
		{B8EFB1D1-AE2F-4204-AE43-D933C51307D4}.Release|Any CPU.Build.0 = Release|Any CPU
	EndGlobalSection
	GlobalSection(SolutionProperties) = preSolution
		HideSolutionNode = FALSE
	EndGlobalSection
	GlobalSection(ExtensibilityGlobals) = postSolution
		SolutionGuid = {B8D3ACFB-56F8-4B3C-B9DB-1E26BA0E75C1}
	EndGlobalSection
EndGlobal
