
Microsoft Visual Studio Solution File, Format Version 12.00
# Visual Studio Version 16
VisualStudioVersion = 16.0.30002.166
MinimumVisualStudioVersion = 10.0.40219.1
Project("{9A19103F-16F7-4668-BE54-9A1E7A4F7556}") = "Fibonacci", "Fibonacci.csproj", "{2A0A5611-B485-4334-8622-80B591F214A6}"
EndProject
Global
	GlobalSection(SolutionConfigurationPlatforms) = preSolution
		Debug|Any CPU = Debug|Any CPU
		Release|Any CPU = Release|Any CPU
	EndGlobalSection
	GlobalSection(ProjectConfigurationPlatforms) = postSolution
		{2A0A5611-B485-4334-8622-80B591F214A6}.Debug|Any CPU.ActiveCfg = Debug|Any CPU
		{2A0A5611-B485-4334-8622-80B591F214A6}.Debug|Any CPU.Build.0 = Debug|Any CPU
		{2A0A5611-B485-4334-8622-80B591F214A6}.Release|Any CPU.ActiveCfg = Release|Any CPU
		{2A0A5611-B485-4334-8622-80B591F214A6}.Release|Any CPU.Build.0 = Release|Any CPU
	EndGlobalSection
	GlobalSection(SolutionProperties) = preSolution
		HideSolutionNode = FALSE
	EndGlobalSection
	GlobalSection(ExtensibilityGlobals) = postSolution
		SolutionGuid = {71DD28E8-D427-4306-9E53-4F257B84ED02}
	EndGlobalSection
EndGlobal
