
Microsoft Visual Studio Solution File, Format Version 12.00
# Visual Studio Version 16
VisualStudioVersion = 16.0.30011.22
MinimumVisualStudioVersion = 10.0.40219.1
Project("{9A19103F-16F7-4668-BE54-9A1E7A4F7556}") = "Lode", "Lode.csproj", "{C876D036-46BC-45FB-952D-9C317DD9486A}"
EndProject
Global
	GlobalSection(SolutionConfigurationPlatforms) = preSolution
		Debug|Any CPU = Debug|Any CPU
		Release|Any CPU = Release|Any CPU
	EndGlobalSection
	GlobalSection(ProjectConfigurationPlatforms) = postSolution
		{C876D036-46BC-45FB-952D-9C317DD9486A}.Debug|Any CPU.ActiveCfg = Debug|Any CPU
		{C876D036-46BC-45FB-952D-9C317DD9486A}.Debug|Any CPU.Build.0 = Debug|Any CPU
		{C876D036-46BC-45FB-952D-9C317DD9486A}.Release|Any CPU.ActiveCfg = Release|Any CPU
		{C876D036-46BC-45FB-952D-9C317DD9486A}.Release|Any CPU.Build.0 = Release|Any CPU
	EndGlobalSection
	GlobalSection(SolutionProperties) = preSolution
		HideSolutionNode = FALSE
	EndGlobalSection
	GlobalSection(ExtensibilityGlobals) = postSolution
		SolutionGuid = {8DC4C310-6049-48A1-9844-08B47CAF9576}
	EndGlobalSection
EndGlobal
