
Microsoft Visual Studio Solution File, Format Version 12.00
# Visual Studio Version 16
VisualStudioVersion = 16.0.29519.181
MinimumVisualStudioVersion = 10.0.40219.1
Project("{FAE04EC0-301F-11D3-BF4B-00C04F79EFBC}") = "Lode.Vaclavek", "Lode.Vaclavek.csproj", "{2C629F9E-3BA4-4F37-9B57-6414BDE046B6}"
EndProject
Project("{FAE04EC0-301F-11D3-BF4B-00C04F79EFBC}") = "Lode.Vaclavek.Console", "..\Lode.Vaclavek.Console\Lode.Vaclavek.Console.csproj", "{FB335DE6-AAAF-4EF8-BB04-697ED95D1C01}"
EndProject
Global
	GlobalSection(SolutionConfigurationPlatforms) = preSolution
		Debug|Any CPU = Debug|Any CPU
		Release|Any CPU = Release|Any CPU
	EndGlobalSection
	GlobalSection(ProjectConfigurationPlatforms) = postSolution
		{2C629F9E-3BA4-4F37-9B57-6414BDE046B6}.Debug|Any CPU.ActiveCfg = Debug|Any CPU
		{2C629F9E-3BA4-4F37-9B57-6414BDE046B6}.Debug|Any CPU.Build.0 = Debug|Any CPU
		{2C629F9E-3BA4-4F37-9B57-6414BDE046B6}.Release|Any CPU.ActiveCfg = Release|Any CPU
		{2C629F9E-3BA4-4F37-9B57-6414BDE046B6}.Release|Any CPU.Build.0 = Release|Any CPU
		{FB335DE6-AAAF-4EF8-BB04-697ED95D1C01}.Debug|Any CPU.ActiveCfg = Debug|Any CPU
		{FB335DE6-AAAF-4EF8-BB04-697ED95D1C01}.Debug|Any CPU.Build.0 = Debug|Any CPU
		{FB335DE6-AAAF-4EF8-BB04-697ED95D1C01}.Release|Any CPU.ActiveCfg = Release|Any CPU
		{FB335DE6-AAAF-4EF8-BB04-697ED95D1C01}.Release|Any CPU.Build.0 = Release|Any CPU
	EndGlobalSection
	GlobalSection(SolutionProperties) = preSolution
		HideSolutionNode = FALSE
	EndGlobalSection
	GlobalSection(ExtensibilityGlobals) = postSolution
		SolutionGuid = {8F98F7D2-9614-4AD6-82E1-26285E3FE855}
	EndGlobalSection
EndGlobal
