
Microsoft Visual Studio Solution File, Format Version 12.00
# Visual Studio Version 16
VisualStudioVersion = 16.0.30011.22
MinimumVisualStudioVersion = 10.0.40219.1
Project("{FAE04EC0-301F-11D3-BF4B-00C04F79EFBC}") = "Lode", "Lode.csproj", "{BEBA2191-0CD2-47CE-AFC9-037079D34BBD}"
EndProject
Global
	GlobalSection(SolutionConfigurationPlatforms) = preSolution
		Debug|Any CPU = Debug|Any CPU
		Release|Any CPU = Release|Any CPU
	EndGlobalSection
	GlobalSection(ProjectConfigurationPlatforms) = postSolution
		{BEBA2191-0CD2-47CE-AFC9-037079D34BBD}.Debug|Any CPU.ActiveCfg = Debug|Any CPU
		{BEBA2191-0CD2-47CE-AFC9-037079D34BBD}.Debug|Any CPU.Build.0 = Debug|Any CPU
		{BEBA2191-0CD2-47CE-AFC9-037079D34BBD}.Release|Any CPU.ActiveCfg = Release|Any CPU
		{BEBA2191-0CD2-47CE-AFC9-037079D34BBD}.Release|Any CPU.Build.0 = Release|Any CPU
	EndGlobalSection
	GlobalSection(SolutionProperties) = preSolution
		HideSolutionNode = FALSE
	EndGlobalSection
	GlobalSection(ExtensibilityGlobals) = postSolution
		SolutionGuid = {5174C42B-CD17-4947-84CF-6B4A4DA76F68}
	EndGlobalSection
EndGlobal
