
Microsoft Visual Studio Solution File, Format Version 12.00
# Visual Studio Version 16
VisualStudioVersion = 16.0.30011.22
MinimumVisualStudioVersion = 10.0.40219.1
Project("{FAE04EC0-301F-11D3-BF4B-00C04F79EFBC}") = "RadiciAlgoritmy", "RadiciAlgoritmy.csproj", "{6E46183F-4A3F-4E04-8FCA-C3493BC72921}"
EndProject
Global
	GlobalSection(SolutionConfigurationPlatforms) = preSolution
		Debug|Any CPU = Debug|Any CPU
		Release|Any CPU = Release|Any CPU
	EndGlobalSection
	GlobalSection(ProjectConfigurationPlatforms) = postSolution
		{6E46183F-4A3F-4E04-8FCA-C3493BC72921}.Debug|Any CPU.ActiveCfg = Debug|Any CPU
		{6E46183F-4A3F-4E04-8FCA-C3493BC72921}.Debug|Any CPU.Build.0 = Debug|Any CPU
		{6E46183F-4A3F-4E04-8FCA-C3493BC72921}.Release|Any CPU.ActiveCfg = Release|Any CPU
		{6E46183F-4A3F-4E04-8FCA-C3493BC72921}.Release|Any CPU.Build.0 = Release|Any CPU
	EndGlobalSection
	GlobalSection(SolutionProperties) = preSolution
		HideSolutionNode = FALSE
	EndGlobalSection
	GlobalSection(ExtensibilityGlobals) = postSolution
		SolutionGuid = {77CF67EE-8104-4BA5-B4D8-EE9BAE62DF61}
	EndGlobalSection
EndGlobal
