
Microsoft Visual Studio Solution File, Format Version 12.00
# Visual Studio Version 16
VisualStudioVersion = 16.0.29519.181
MinimumVisualStudioVersion = 10.0.40219.1
Project("{FAE04EC0-301F-11D3-BF4B-00C04F79EFBC}") = "VanocniStromecek", "VanocniStromecek.csproj", "{CBB8EF10-42E8-421B-B490-7FD41C60E6E7}"
EndProject
Global
	GlobalSection(SolutionConfigurationPlatforms) = preSolution
		Debug|Any CPU = Debug|Any CPU
		Release|Any CPU = Release|Any CPU
	EndGlobalSection
	GlobalSection(ProjectConfigurationPlatforms) = postSolution
		{CBB8EF10-42E8-421B-B490-7FD41C60E6E7}.Debug|Any CPU.ActiveCfg = Debug|Any CPU
		{CBB8EF10-42E8-421B-B490-7FD41C60E6E7}.Debug|Any CPU.Build.0 = Debug|Any CPU
		{CBB8EF10-42E8-421B-B490-7FD41C60E6E7}.Release|Any CPU.ActiveCfg = Release|Any CPU
		{CBB8EF10-42E8-421B-B490-7FD41C60E6E7}.Release|Any CPU.Build.0 = Release|Any CPU
	EndGlobalSection
	GlobalSection(SolutionProperties) = preSolution
		HideSolutionNode = FALSE
	EndGlobalSection
	GlobalSection(ExtensibilityGlobals) = postSolution
		SolutionGuid = {05A3F35F-BCD7-4AB9-9818-7E0149428EB5}
	EndGlobalSection
EndGlobal
