
Microsoft Visual Studio Solution File, Format Version 12.00
# Visual Studio Version 16
VisualStudioVersion = 16.0.29519.181
MinimumVisualStudioVersion = 10.0.40219.1
Project("{FAE04EC0-301F-11D3-BF4B-00C04F79EFBC}") = "WinForms", "WinForms.csproj", "{F1786A70-61CA-4DD3-B5A1-D18E72034241}"
EndProject
Global
	GlobalSection(SolutionConfigurationPlatforms) = preSolution
		Debug|Any CPU = Debug|Any CPU
		Release|Any CPU = Release|Any CPU
	EndGlobalSection
	GlobalSection(ProjectConfigurationPlatforms) = postSolution
		{F1786A70-61CA-4DD3-B5A1-D18E72034241}.Debug|Any CPU.ActiveCfg = Debug|Any CPU
		{F1786A70-61CA-4DD3-B5A1-D18E72034241}.Debug|Any CPU.Build.0 = Debug|Any CPU
		{F1786A70-61CA-4DD3-B5A1-D18E72034241}.Release|Any CPU.ActiveCfg = Release|Any CPU
		{F1786A70-61CA-4DD3-B5A1-D18E72034241}.Release|Any CPU.Build.0 = Release|Any CPU
	EndGlobalSection
	GlobalSection(SolutionProperties) = preSolution
		HideSolutionNode = FALSE
	EndGlobalSection
	GlobalSection(ExtensibilityGlobals) = postSolution
		SolutionGuid = {FE515BB6-B57D-4090-BCE1-BBC9D5698B83}
	EndGlobalSection
EndGlobal
