
Microsoft Visual Studio Solution File, Format Version 12.00
# Visual Studio 14
VisualStudioVersion = 14.0.25420.1
MinimumVisualStudioVersion = 10.0.40219.1
Project("{FAE04EC0-301F-11D3-BF4B-00C04F79EFBC}") = "InsertSort", "InsertSort.csproj", "{09AFEAF2-49A6-4CC4-B085-7D349DE9202D}"
EndProject
Global
	GlobalSection(SolutionConfigurationPlatforms) = preSolution
		Debug|Any CPU = Debug|Any CPU
		Release|Any CPU = Release|Any CPU
	EndGlobalSection
	GlobalSection(ProjectConfigurationPlatforms) = postSolution
		{09AFEAF2-49A6-4CC4-B085-7D349DE9202D}.Debug|Any CPU.ActiveCfg = Debug|Any CPU
		{09AFEAF2-49A6-4CC4-B085-7D349DE9202D}.Debug|Any CPU.Build.0 = Debug|Any CPU
		{09AFEAF2-49A6-4CC4-B085-7D349DE9202D}.Release|Any CPU.ActiveCfg = Release|Any CPU
		{09AFEAF2-49A6-4CC4-B085-7D349DE9202D}.Release|Any CPU.Build.0 = Release|Any CPU
	EndGlobalSection
	GlobalSection(SolutionProperties) = preSolution
		HideSolutionNode = FALSE
	EndGlobalSection
EndGlobal
