
Microsoft Visual Studio Solution File, Format Version 12.00
# Visual Studio Version 16
VisualStudioVersion = 16.0.29411.138
MinimumVisualStudioVersion = 10.0.40219.1
Project("{FAE04EC0-301F-11D3-BF4B-00C04F79EFBC}") = "Kubická rovnice", "Kubická rovnice.csproj", "{DA18387D-B1EE-497B-BC64-0710F11F1AD0}"
EndProject
Global
	GlobalSection(SolutionConfigurationPlatforms) = preSolution
		Debug|Any CPU = Debug|Any CPU
		Release|Any CPU = Release|Any CPU
	EndGlobalSection
	GlobalSection(ProjectConfigurationPlatforms) = postSolution
		{DA18387D-B1EE-497B-BC64-0710F11F1AD0}.Debug|Any CPU.ActiveCfg = Debug|Any CPU
		{DA18387D-B1EE-497B-BC64-0710F11F1AD0}.Debug|Any CPU.Build.0 = Debug|Any CPU
		{DA18387D-B1EE-497B-BC64-0710F11F1AD0}.Release|Any CPU.ActiveCfg = Release|Any CPU
		{DA18387D-B1EE-497B-BC64-0710F11F1AD0}.Release|Any CPU.Build.0 = Release|Any CPU
	EndGlobalSection
	GlobalSection(SolutionProperties) = preSolution
		HideSolutionNode = FALSE
	EndGlobalSection
	GlobalSection(ExtensibilityGlobals) = postSolution
		SolutionGuid = {5678B934-5A85-40D3-87A1-07D93EA0C4EC}
	EndGlobalSection
EndGlobal
